{
    "_meta": {
        "hash": {
            "sha256": "c1e0bc9bae75f17121d5a5e40eb1d08eb325cdbb0175e6345134d0d8e60c1c8a"
        },  
        "pipfile-spec": 6,
        "requires": {
            "python_version": "3.10"
        },
        "sources": [
            {
                "name": "pypi",
                "url": "https://pypi.org/simple",
                "verify_ssl": true
            }
        ]
    },
    "default": {},
    "develop": {}
}
